{
  "name": "topocode-plugin-spike",
  "version": "0.1.0-spike.1",
  "lockfileVersion": 3,
  "requires": true,
  "packages": {
    "": {
      "name": "topocode-plugin-spike",
      "version": "0.1.0-spike.1",
      "license": "MIT",
      "dependencies": {
        "@ast-grep/lang-rust": "0.0.7",
        "@ast-grep/napi": "0.45.3",
        "@iarna/toml": "2.2.5",
        "@jdylanmc/topo-archify": "0.1.0",
        "@jdylanmc/topo-code": "0.1.0",
        "@viz-js/viz": "3.30.0"
      },
      "bin": {
        "topo-spike": "bin/topo-spike.mjs"
      },
      "engines": {
        "node": ">=22"
      }
    },
    "node_modules/@ast-grep/lang-rust": {
      "version": "0.0.7",
      "integrity": "sha1-pwVjcpEXYLUc5zQlCRC27+OJh+4=",
      "hasInstallScript": true,
      "license": "ISC",
      "dependencies": {
        "@ast-grep/setup-lang": "0.0.6"
      },
      "peerDependencies": {
        "tree-sitter-cli": "0.25.8"
      },
      "peerDependenciesMeta": {
        "tree-sitter-cli": {
          "optional": true
        }
      }
    },
    "node_modules/@ast-grep/napi": {
      "version": "0.45.3",
      "integrity": "sha1-XtDgBc82Vqn6vp/zA69yu3wi5FM=",
      "license": "MIT",
      "engines": {
        "node": ">= 10"
      },
      "optionalDependencies": {
        "@ast-grep/napi-darwin-arm64": "0.45.3",
        "@ast-grep/napi-darwin-x64": "0.45.3",
        "@ast-grep/napi-linux-arm64-gnu": "0.45.3",
        "@ast-grep/napi-linux-arm64-musl": "0.45.3",
        "@ast-grep/napi-linux-x64-gnu": "0.45.3",
        "@ast-grep/napi-linux-x64-musl": "0.45.3",
        "@ast-grep/napi-win32-arm64-msvc": "0.45.3",
        "@ast-grep/napi-win32-ia32-msvc": "0.45.3",
        "@ast-grep/napi-win32-x64-msvc": "0.45.3"
      }
    },
    "node_modules/@ast-grep/napi-darwin-arm64": {
      "version": "0.45.3",
      "integrity": "sha1-VlGmvqgfflQ5f0EB7Ir0YFi5F+k=",
      "cpu": [
        "arm64"
      ],
      "license": "MIT",
      "optional": true,
      "os": [
        "darwin"
      ],
      "engines": {
        "node": ">= 10"
      }
    },
    "node_modules/@ast-grep/napi-darwin-x64": {
      "version": "0.45.3",
      "integrity": "sha512-tIclZ5pM+YSgk8NNTBoTkaclbS39cU5lbVfSrFWX4LUnxXfUPG+F+ppxyFjKwJTBELsGHEO4LdX3/Lc+FDwPNA==",
      "cpu": [
        "x64"
      ],
      "license": "MIT",
      "optional": true,
      "os": [
        "darwin"
      ],
      "engines": {
        "node": ">= 10"
      }
    },
    "node_modules/@ast-grep/napi-linux-arm64-gnu": {
      "version": "0.45.3",
      "integrity": "sha1-tncRiHoChC1GB6V9HNXfruLlPGs=",
      "cpu": [
        "arm64"
      ],
      "libc": [
        "glibc"
      ],
      "license": "MIT",
      "optional": true,
      "os": [
        "linux"
      ],
      "engines": {
        "node": ">= 10"
      }
    },
    "node_modules/@ast-grep/napi-linux-arm64-musl": {
      "version": "0.45.3",
      "integrity": "sha1-aPYBZr/usYpKov7zBQTHmdb4mpQ=",
      "cpu": [
        "arm64"
      ],
      "libc": [
        "musl"
      ],
      "license": "MIT",
      "optional": true,
      "os": [
        "linux"
      ],
      "engines": {
        "node": ">= 10"
      }
    },
    "node_modules/@ast-grep/napi-linux-x64-gnu": {
      "version": "0.45.3",
      "integrity": "sha512-lluRK3hxfHMQdFuVID6seAKVx4FH0kEwF6rCh5/I40Sf3EtNR2UCBXAqd6RBA6hqlSckktvBxCfw+h4aescDmg==",
      "cpu": [
        "x64"
      ],
      "libc": [
        "glibc"
      ],
      "license": "MIT",
      "optional": true,
      "os": [
        "linux"
      ],
      "engines": {
        "node": ">= 10"
      }
    },
    "node_modules/@ast-grep/napi-linux-x64-musl": {
      "version": "0.45.3",
      "integrity": "sha1-VkWcnClv2fmBKiu5WK8GKIa3UhQ=",
      "cpu": [
        "x64"
      ],
      "libc": [
        "musl"
      ],
      "license": "MIT",
      "optional": true,
      "os": [
        "linux"
      ],
      "engines": {
        "node": ">= 10"
      }
    },
    "node_modules/@ast-grep/napi-win32-arm64-msvc": {
      "version": "0.45.3",
      "integrity": "sha512-/HiVgw2cdtzXLDLoG4eBBcauekNXewfagy7qiVbjkVu/KcCH8dJ9lpj8DzeWwuBNtZxuD8jpiwP0M1pz3Bc3uw==",
      "cpu": [
        "arm64"
      ],
      "license": "MIT",
      "optional": true,
      "os": [
        "win32"
      ],
      "engines": {
        "node": ">= 10"
      }
    },
    "node_modules/@ast-grep/napi-win32-ia32-msvc": {
      "version": "0.45.3",
      "integrity": "sha1-ZcGLr362mVussSr2YhRho4kgTnk=",
      "cpu": [
        "ia32"
      ],
      "license": "MIT",
      "optional": true,
      "os": [
        "win32"
      ],
      "engines": {
        "node": ">= 10"
      }
    },
    "node_modules/@ast-grep/napi-win32-x64-msvc": {
      "version": "0.45.3",
      "integrity": "sha1-PLUGYvNe2RoXgauw6EF0UIRj9xE=",
      "cpu": [
        "x64"
      ],
      "license": "MIT",
      "optional": true,
      "os": [
        "win32"
      ],
      "engines": {
        "node": ">= 10"
      }
    },
    "node_modules/@ast-grep/setup-lang": {
      "version": "0.0.6",
      "integrity": "sha1-n2+AWSNnwNCizHRBr5qdADRy3xA=",
      "license": "ISC"
    },
    "node_modules/@iarna/toml": {
      "version": "2.2.5",
      "integrity": "sha1-syNmyJtDxvjO+976x3i5yCjjuow=",
      "license": "ISC"
    },
    "node_modules/@jdylanmc/topo-archify": {
      "version": "0.1.0",
      "integrity": "sha512-PgSnOHBR/sZfJKQBEx94UZgqd2udqILEGYX9nxMq/i0tsXPxo8tWfkFppt3YAUGVH7AkriF6SSVbIg42nJvnnQ==",
      "license": "MIT",
      "engines": {
        "node": ">=22"
      }
    },
    "node_modules/@jdylanmc/topo-code": {
      "version": "0.1.0",
      "integrity": "sha512-Jw+bAM+oM7ehrSvBWj2PDeK5u2Ykokr844EK6MjJjgGDGPg7epV9TBZlmcBdRYFJXLLLhksxQSj54H1veNnR0A==",
      "bundleDependencies": [
        "@topo/cli",
        "@topo/diagram-core",
        "@topo/enrichment",
        "@topo/graph",
        "@topo/modules",
        "@topo/reports",
        "@topo/scanner",
        "@topo/schema",
        "@topo/site",
        "@topo/story",
        "@topo/views",
        "@topo/workspace"
      ],
      "license": "MIT",
      "dependencies": {
        "@jdylanmc/topo-archify": "0.1.0",
        "@topo/cli": "0.0.0",
        "@topo/diagram-core": "0.0.0",
        "@topo/enrichment": "0.0.0",
        "@topo/graph": "0.0.0",
        "@topo/modules": "0.0.0",
        "@topo/reports": "0.0.0",
        "@topo/scanner": "0.0.0",
        "@topo/schema": "0.0.0",
        "@topo/site": "0.0.0",
        "@topo/story": "0.0.0",
        "@topo/views": "0.0.0",
        "@topo/workspace": "0.0.0",
        "ajv": "8.17.1",
        "ajv-formats": "3.0.1",
        "ignore": "^7.0.0",
        "typescript-compiler-api": "npm:typescript@^6.0.0"
      },
      "bin": {
        "topo": "bin/topo.js"
      },
      "engines": {
        "node": ">=22"
      }
    },
    "node_modules/@jdylanmc/topo-code/node_modules/@topo/cli": {
      "version": "0.0.0",
      "inBundle": true,
      "dependencies": {
        "@topo/diagram-core": "0.0.0",
        "@topo/enrichment": "0.0.0",
        "@topo/graph": "0.0.0",
        "@topo/modules": "0.0.0",
        "@topo/reports": "0.0.0",
        "@topo/scanner": "0.0.0",
        "@topo/schema": "0.0.0",
        "@topo/site": "0.0.0",
        "@topo/story": "0.0.0",
        "@topo/views": "0.0.0",
        "@topo/workspace": "0.0.0"
      }
    },
    "node_modules/@jdylanmc/topo-code/node_modules/@topo/diagram-core": {
      "version": "0.0.0",
      "inBundle": true,
      "dependencies": {
        "@jdylanmc/topo-archify": "0.1.0",
        "@topo/story": "0.0.0"
      }
    },
    "node_modules/@jdylanmc/topo-code/node_modules/@topo/enrichment": {
      "version": "0.0.0",
      "inBundle": true,
      "dependencies": {
        "@topo/schema": "0.0.0"
      }
    },
    "node_modules/@jdylanmc/topo-code/node_modules/@topo/graph": {
      "version": "0.0.0",
      "inBundle": true,
      "dependencies": {
        "@topo/schema": "0.0.0"
      }
    },
    "node_modules/@jdylanmc/topo-code/node_modules/@topo/modules": {
      "version": "0.0.0",
      "inBundle": true,
      "dependencies": {
        "@topo/graph": "0.0.0",
        "@topo/schema": "0.0.0"
      }
    },
    "node_modules/@jdylanmc/topo-code/node_modules/@topo/reports": {
      "version": "0.0.0",
      "inBundle": true,
      "dependencies": {
        "@topo/schema": "0.0.0"
      }
    },
    "node_modules/@jdylanmc/topo-code/node_modules/@topo/scanner": {
      "version": "0.0.0",
      "inBundle": true,
      "dependencies": {
        "@topo/schema": "0.0.0",
        "ignore": "^7.0.0",
        "typescript-compiler-api": "npm:typescript@^6.0.0"
      }
    },
    "node_modules/@jdylanmc/topo-code/node_modules/@topo/schema": {
      "version": "0.0.0",
      "inBundle": true,
      "dependencies": {
        "ajv": "8.17.1",
        "ajv-formats": "3.0.1"
      }
    },
    "node_modules/@jdylanmc/topo-code/node_modules/@topo/site": {
      "version": "0.0.0",
      "inBundle": true,
      "dependencies": {
        "@topo/enrichment": "0.0.0",
        "@topo/graph": "0.0.0",
        "@topo/modules": "0.0.0",
        "@topo/schema": "0.0.0",
        "@topo/views": "0.0.0"
      }
    },
    "node_modules/@jdylanmc/topo-code/node_modules/@topo/story": {
      "version": "0.0.0",
      "inBundle": true,
      "dependencies": {
        "typescript-compiler-api": "npm:typescript@^6.0.0"
      }
    },
    "node_modules/@jdylanmc/topo-code/node_modules/@topo/views": {
      "version": "0.0.0",
      "inBundle": true,
      "dependencies": {
        "@topo/graph": "0.0.0",
        "@topo/schema": "0.0.0",
        "ignore": "^7.0.0"
      }
    },
    "node_modules/@jdylanmc/topo-code/node_modules/@topo/workspace": {
      "version": "0.0.0",
      "inBundle": true,
      "dependencies": {
        "@topo/schema": "0.0.0"
      }
    },
    "node_modules/@viz-js/viz": {
      "version": "3.30.0",
      "integrity": "sha1-0cpKJcQsIGg/bZBtGsmxvdeOsic=",
      "license": "MIT"
    },
    "node_modules/ajv": {
      "version": "8.17.1",
      "integrity": "sha1-N9mlx3ava8ktf0+VEOukwKYNEaY=",
      "license": "MIT",
      "dependencies": {
        "fast-deep-equal": "^3.1.3",
        "fast-uri": "^3.0.1",
        "json-schema-traverse": "^1.0.0",
        "require-from-string": "^2.0.2"
      },
      "funding": {
        "type": "github",
        "url": "https://github.com/sponsors/epoberezkin"
      }
    },
    "node_modules/ajv-formats": {
      "version": "3.0.1",
      "integrity": "sha1-PV3HYryhdnnDwup+kK1rdTIwlXg=",
      "license": "MIT",
      "dependencies": {
        "ajv": "^8.0.0"
      },
      "peerDependencies": {
        "ajv": "^8.0.0"
      },
      "peerDependenciesMeta": {
        "ajv": {
          "optional": true
        }
      }
    },
    "node_modules/fast-deep-equal": {
      "version": "3.1.3",
      "integrity": "sha1-On1WtVnWy8PrUSMlJE5hmmXGxSU=",
      "license": "MIT"
    },
    "node_modules/fast-uri": {
      "version": "3.1.8",
      "integrity": "sha512-GZMtZUTNRpOVIECoXwLNZS5xUGE+mVNbTB8h/7Rwh2TFWcBQiPzTgyZi05BF9UMZKkLJv8XBRJTlU7zg8+ZfMg==",
      "funding": [
        {
          "type": "github",
          "url": "https://github.com/sponsors/fastify"
        },
        {
          "type": "opencollective",
          "url": "https://opencollective.com/fastify"
        }
      ],
      "license": "BSD-3-Clause"
    },
    "node_modules/ignore": {
      "version": "7.0.10",
      "integrity": "sha512-HpbUakT7xp5miBUywCHf36ZEuAJNklBJDDsGpUIjMzOSmM8ELSfA9Sa/QDPeNeqeoN31u+UTCkL4klCOVvRm4Q==",
      "license": "MIT",
      "engines": {
        "node": ">= 4"
      }
    },
    "node_modules/json-schema-traverse": {
      "version": "1.0.0",
      "integrity": "sha1-rnvLNlard6c7pcSb9lTzjmtoYOI=",
      "license": "MIT"
    },
    "node_modules/require-from-string": {
      "version": "2.0.2",
      "integrity": "sha1-iaf92TgmEmcxjq/hT5wy5ZjDaQk=",
      "license": "MIT",
      "engines": {
        "node": ">=0.10.0"
      }
    },
    "node_modules/typescript-compiler-api": {
      "name": "typescript",
      "version": "6.0.3",
      "integrity": "sha1-kCUdwAeRbpcnhsuU100VsYVXfSE=",
      "license": "Apache-2.0",
      "bin": {
        "tsc": "bin/tsc",
        "tsserver": "bin/tsserver"
      },
      "engines": {
        "node": ">=14.17"
      }
    }
  }
}
